
Microsoft Visual Studio Solution File, Format Version 12.00
# Visual Studio 15
VisualStudioVersion = 15.0.26730.15
MinimumVisualStudioVersion = 10.0.40219.1
Project("{FAE04EC0-301F-11D3-BF4B-00C04F79EFBC}") = "BaseHeroAnalyzer.Core", "BaseHeroAnalyzer.Core\BaseHeroAnalyzer.Core.csproj", "{6C0C8D70-F4B7-4429-9854-7DD8A3F5F2DD}"
EndProject
Project("{9A19103F-16F7-4668-BE54-9A1E7A4F7556}") = "BaseHeroAnalyzer.Website", "BaseHeroAnalyzer.Website\BaseHeroAnalyzer.Website.csproj", "{80A5FA2F-03B1-4C6F-85C9-45A0F19AE2DB}"
EndProject
Global
	GlobalSection(SolutionConfigurationPlatforms) = preSolution
		Debug|Any CPU = Debug|Any CPU
		Release|Any CPU = Release|Any CPU
	EndGlobalSection
	GlobalSection(ProjectConfigurationPlatforms) = postSolution
		{6C0C8D70-F4B7-4429-9854-7DD8A3F5F2DD}.Debug|Any CPU.ActiveCfg = Debug|Any CPU
		{6C0C8D70-F4B7-4429-9854-7DD8A3F5F2DD}.Debug|Any CPU.Build.0 = Debug|Any CPU
		{6C0C8D70-F4B7-4429-9854-7DD8A3F5F2DD}.Release|Any CPU.ActiveCfg = Release|Any CPU
		{6C0C8D70-F4B7-4429-9854-7DD8A3F5F2DD}.Release|Any CPU.Build.0 = Release|Any CPU
		{80A5FA2F-03B1-4C6F-85C9-45A0F19AE2DB}.Debug|Any CPU.ActiveCfg = Debug|Any CPU
		{80A5FA2F-03B1-4C6F-85C9-45A0F19AE2DB}.Debug|Any CPU.Build.0 = Debug|Any CPU
		{80A5FA2F-03B1-4C6F-85C9-45A0F19AE2DB}.Release|Any CPU.ActiveCfg = Release|Any CPU
		{80A5FA2F-03B1-4C6F-85C9-45A0F19AE2DB}.Release|Any CPU.Build.0 = Release|Any CPU
	EndGlobalSection
	GlobalSection(SolutionProperties) = preSolution
		HideSolutionNode = FALSE
	EndGlobalSection
	GlobalSection(ExtensibilityGlobals) = postSolution
		SolutionGuid = {9D132B5A-A95D-418F-9450-C9A0D63B116E}
	EndGlobalSection
EndGlobal
